{
  "name": "keycloak-js",
  "version": "1.0.0",
  "lockfileVersion": 2,
  "requires": true,
  "packages": {
    "": {
      "name": "keycloak-js",
      "version": "1.0.0",
      "license": "ISC",
      "dependencies": {
        "keycloak-js": "^26.2.3"
      }
    },
    "node_modules/keycloak-js": {
      "version": "26.2.3",
      "resolved": "https://registry.npmjs.org/keycloak-js/-/keycloak-js-26.2.3.tgz",
      "integrity": "sha512-widjzw/9T6bHRgEp6H/Se3NCCarU7u5CwFKBcwtu7xfA1IfdZb+7Q7/KGusAnBo34Vtls8Oz9vzSqkQvQ7+b4Q==",
      "license": "Apache-2.0",
      "workspaces": [
        "test"
      ]
    }
  },
  "dependencies": {
    "keycloak-js": {
      "version": "26.2.3",
      "resolved": "https://registry.npmjs.org/keycloak-js/-/keycloak-js-26.2.3.tgz",
      "integrity": "sha512-widjzw/9T6bHRgEp6H/Se3NCCarU7u5CwFKBcwtu7xfA1IfdZb+7Q7/KGusAnBo34Vtls8Oz9vzSqkQvQ7+b4Q=="
    }
  }
}
